
Microsoft Visual Studio Solution File, Format Version 12.00
# Visual Studio Version 16
VisualStudioVersion = 16.0.31410.357
MinimumVisualStudioVersion = 10.0.40219.1
Project("{FAE04EC0-301F-11D3-BF4B-00C04F79EFBC}") = "MovieReservationAPI", "MovieReservationAPI.csproj", "{43A5F63E-539B-4FC8-9652-62931DBC96E7}"
EndProject
Global
	GlobalSection(SolutionConfigurationPlatforms) = preSolution
		Debug|Any CPU = Debug|Any CPU
		Release|Any CPU = Release|Any CPU
	EndGlobalSection
	GlobalSection(ProjectConfigurationPlatforms) = postSolution
		{43A5F63E-539B-4FC8-9652-62931DBC96E7}.Debug|Any CPU.ActiveCfg = Debug|Any CPU
		{43A5F63E-539B-4FC8-9652-62931DBC96E7}.Debug|Any CPU.Build.0 = Debug|Any CPU
		{43A5F63E-539B-4FC8-9652-62931DBC96E7}.Release|Any CPU.ActiveCfg = Release|Any CPU
		{43A5F63E-539B-4FC8-9652-62931DBC96E7}.Release|Any CPU.Build.0 = Release|Any CPU
	EndGlobalSection
	GlobalSection(SolutionProperties) = preSolution
		HideSolutionNode = FALSE
	EndGlobalSection
	GlobalSection(ExtensibilityGlobals) = postSolution
		SolutionGuid = {5CCC5AE3-D6CD-4E83-AA20-202FC8D61F81}
	EndGlobalSection
EndGlobal
